
Microsoft Visual Studio Solution File, Format Version 11.00
# Visual Studio 2010
Project("{FAE04EC0-301F-11D3-BF4B-00C04F79EFBC}") = "The Archaic Tower", "Assembly-CSharp.csproj", "{761773F6-C1D6-F8E9-A6BE-278693DE6DE3}"
EndProject
Project("{FAE04EC0-301F-11D3-BF4B-00C04F79EFBC}") = "The Archaic Tower", "Assembly-CSharp-firstpass.csproj", "{0B04F7DB-F2DB-7BE1-F6A4-7F6552E9EFA3}"
EndProject
Project("{FAE04EC0-301F-11D3-BF4B-00C04F79EFBC}") = "The Archaic Tower", "Assembly-CSharp-Editor-firstpass.csproj", "{52B8319F-4743-232F-F844-46E881DBF338}"
EndProject
Project("{FAE04EC0-301F-11D3-BF4B-00C04F79EFBC}") = "The Archaic Tower", "Assembly-CSharp-Editor.csproj", "{EEFD5D1D-A98C-D6CE-2E36-CFE94FEE5586}"
EndProject
Global
	GlobalSection(SolutionConfigurationPlatforms) = preSolution
		Debug|Any CPU = Debug|Any CPU
		Release|Any CPU = Release|Any CPU
	EndGlobalSection
	GlobalSection(ProjectConfigurationPlatforms) = postSolution
		{761773F6-C1D6-F8E9-A6BE-278693DE6DE3}.Debug|Any CPU.ActiveCfg = Debug|Any CPU
		{761773F6-C1D6-F8E9-A6BE-278693DE6DE3}.Debug|Any CPU.Build.0 = Debug|Any CPU
		{761773F6-C1D6-F8E9-A6BE-278693DE6DE3}.Release|Any CPU.ActiveCfg = Release|Any CPU
		{761773F6-C1D6-F8E9-A6BE-278693DE6DE3}.Release|Any CPU.Build.0 = Release|Any CPU
		{0B04F7DB-F2DB-7BE1-F6A4-7F6552E9EFA3}.Debug|Any CPU.ActiveCfg = Debug|Any CPU
		{0B04F7DB-F2DB-7BE1-F6A4-7F6552E9EFA3}.Debug|Any CPU.Build.0 = Debug|Any CPU
		{0B04F7DB-F2DB-7BE1-F6A4-7F6552E9EFA3}.Release|Any CPU.ActiveCfg = Release|Any CPU
		{0B04F7DB-F2DB-7BE1-F6A4-7F6552E9EFA3}.Release|Any CPU.Build.0 = Release|Any CPU
		{52B8319F-4743-232F-F844-46E881DBF338}.Debug|Any CPU.ActiveCfg = Debug|Any CPU
		{52B8319F-4743-232F-F844-46E881DBF338}.Debug|Any CPU.Build.0 = Debug|Any CPU
		{52B8319F-4743-232F-F844-46E881DBF338}.Release|Any CPU.ActiveCfg = Release|Any CPU
		{52B8319F-4743-232F-F844-46E881DBF338}.Release|Any CPU.Build.0 = Release|Any CPU
		{EEFD5D1D-A98C-D6CE-2E36-CFE94FEE5586}.Debug|Any CPU.ActiveCfg = Debug|Any CPU
		{EEFD5D1D-A98C-D6CE-2E36-CFE94FEE5586}.Debug|Any CPU.Build.0 = Debug|Any CPU
		{EEFD5D1D-A98C-D6CE-2E36-CFE94FEE5586}.Release|Any CPU.ActiveCfg = Release|Any CPU
		{EEFD5D1D-A98C-D6CE-2E36-CFE94FEE5586}.Release|Any CPU.Build.0 = Release|Any CPU
	EndGlobalSection
	GlobalSection(SolutionProperties) = preSolution
		HideSolutionNode = FALSE
	EndGlobalSection
	GlobalSection(MonoDevelopProperties) = preSolution
		StartupItem = Assembly-CSharp.csproj
	EndGlobalSection
EndGlobal
