
Microsoft Visual Studio Solution File, Format Version 11.00
# Visual Studio 2010
Project("{FAE04EC0-301F-11D3-BF4B-00C04F79EFBC}") = "The Archaic Tower 1", "Assembly-CSharp.csproj", "{A5F1CC02-8063-0F92-260E-147ABC3F6BD8}"
EndProject
Project("{FAE04EC0-301F-11D3-BF4B-00C04F79EFBC}") = "The Archaic Tower 1", "Assembly-CSharp-Editor.csproj", "{11C68FD1-2D00-1355-958E-9E1B19AC437B}"
EndProject
Global
	GlobalSection(SolutionConfigurationPlatforms) = preSolution
		Debug|Any CPU = Debug|Any CPU
		Release|Any CPU = Release|Any CPU
	EndGlobalSection
	GlobalSection(ProjectConfigurationPlatforms) = postSolution
		{A5F1CC02-8063-0F92-260E-147ABC3F6BD8}.Debug|Any CPU.ActiveCfg = Debug|Any CPU
		{A5F1CC02-8063-0F92-260E-147ABC3F6BD8}.Debug|Any CPU.Build.0 = Debug|Any CPU
		{A5F1CC02-8063-0F92-260E-147ABC3F6BD8}.Release|Any CPU.ActiveCfg = Release|Any CPU
		{A5F1CC02-8063-0F92-260E-147ABC3F6BD8}.Release|Any CPU.Build.0 = Release|Any CPU
		{11C68FD1-2D00-1355-958E-9E1B19AC437B}.Debug|Any CPU.ActiveCfg = Debug|Any CPU
		{11C68FD1-2D00-1355-958E-9E1B19AC437B}.Debug|Any CPU.Build.0 = Debug|Any CPU
		{11C68FD1-2D00-1355-958E-9E1B19AC437B}.Release|Any CPU.ActiveCfg = Release|Any CPU
		{11C68FD1-2D00-1355-958E-9E1B19AC437B}.Release|Any CPU.Build.0 = Release|Any CPU
	EndGlobalSection
	GlobalSection(SolutionProperties) = preSolution
		HideSolutionNode = FALSE
	EndGlobalSection
	GlobalSection(MonoDevelopProperties) = preSolution
		StartupItem = Assembly-CSharp.csproj
	EndGlobalSection
EndGlobal
